
Microsoft Visual Studio Solution File, Format Version 12.00
# Visual Studio Version 17
VisualStudioVersion = 17.1.32328.378
MinimumVisualStudioVersion = 10.0.40219.1
Project("{FAE04EC0-301F-11D3-BF4B-00C04F79EFBC}") = "Fazilat", "Fazilat.csproj", "{BBD4F220-A602-41F5-BB9C-8FE825E9A909}"
EndProject
Global
	GlobalSection(SolutionConfigurationPlatforms) = preSolution
		Debug|Any CPU = Debug|Any CPU
		Release|Any CPU = Release|Any CPU
	EndGlobalSection
	GlobalSection(ProjectConfigurationPlatforms) = postSolution
		{BBD4F220-A602-41F5-BB9C-8FE825E9A909}.Debug|Any CPU.ActiveCfg = Debug|Any CPU
		{BBD4F220-A602-41F5-BB9C-8FE825E9A909}.Debug|Any CPU.Build.0 = Debug|Any CPU
		{BBD4F220-A602-41F5-BB9C-8FE825E9A909}.Release|Any CPU.ActiveCfg = Release|Any CPU
		{BBD4F220-A602-41F5-BB9C-8FE825E9A909}.Release|Any CPU.Build.0 = Release|Any CPU
	EndGlobalSection
	GlobalSection(SolutionProperties) = preSolution
		HideSolutionNode = FALSE
	EndGlobalSection
	GlobalSection(ExtensibilityGlobals) = postSolution
		SolutionGuid = {1A1DC886-7473-498E-9399-65E1F5D3D071}
	EndGlobalSection
EndGlobal
